
Microsoft Visual Studio Solution File, Format Version 12.00
# Visual Studio 15
Project("{FAE04EC0-301F-11D3-BF4B-00C04F79EFBC}") = "Assembly-CSharp", "Assembly-CSharp.csproj", "{44DCF5A5-5DCE-78C7-0481-0B68A644DEF2}"
EndProject
Project("{FAE04EC0-301F-11D3-BF4B-00C04F79EFBC}") = "Assembly-CSharp-firstpass", "Assembly-CSharp-firstpass.csproj", "{DC10CE70-CC60-D2E7-59D2-24B19DD0E43C}"
EndProject
Project("{FAE04EC0-301F-11D3-BF4B-00C04F79EFBC}") = "Assembly-CSharp-Editor", "Assembly-CSharp-Editor.csproj", "{3300F020-07EB-FC3E-4FD4-DFB3E0B2EBE1}"
EndProject
Global
	GlobalSection(SolutionConfigurationPlatforms) = preSolution
		Debug|Any CPU = Debug|Any CPU
		Release|Any CPU = Release|Any CPU
	EndGlobalSection
	GlobalSection(ProjectConfigurationPlatforms) = postSolution
		{44DCF5A5-5DCE-78C7-0481-0B68A644DEF2}.Debug|Any CPU.ActiveCfg = Debug|Any CPU
		{44DCF5A5-5DCE-78C7-0481-0B68A644DEF2}.Debug|Any CPU.Build.0 = Debug|Any CPU
		{44DCF5A5-5DCE-78C7-0481-0B68A644DEF2}.Release|Any CPU.ActiveCfg = Release|Any CPU
		{44DCF5A5-5DCE-78C7-0481-0B68A644DEF2}.Release|Any CPU.Build.0 = Release|Any CPU
		{DC10CE70-CC60-D2E7-59D2-24B19DD0E43C}.Debug|Any CPU.ActiveCfg = Debug|Any CPU
		{DC10CE70-CC60-D2E7-59D2-24B19DD0E43C}.Debug|Any CPU.Build.0 = Debug|Any CPU
		{DC10CE70-CC60-D2E7-59D2-24B19DD0E43C}.Release|Any CPU.ActiveCfg = Release|Any CPU
		{DC10CE70-CC60-D2E7-59D2-24B19DD0E43C}.Release|Any CPU.Build.0 = Release|Any CPU
		{3300F020-07EB-FC3E-4FD4-DFB3E0B2EBE1}.Debug|Any CPU.ActiveCfg = Debug|Any CPU
		{3300F020-07EB-FC3E-4FD4-DFB3E0B2EBE1}.Debug|Any CPU.Build.0 = Debug|Any CPU
		{3300F020-07EB-FC3E-4FD4-DFB3E0B2EBE1}.Release|Any CPU.ActiveCfg = Release|Any CPU
		{3300F020-07EB-FC3E-4FD4-DFB3E0B2EBE1}.Release|Any CPU.Build.0 = Release|Any CPU
	EndGlobalSection
	GlobalSection(SolutionProperties) = preSolution
		HideSolutionNode = FALSE
	EndGlobalSection
EndGlobal
